
Microsoft Visual Studio Solution File, Format Version 12.00
# Visual Studio 15
VisualStudioVersion = 15.0.28010.2003
MinimumVisualStudioVersion = 10.0.40219.1
Project("{8BC9CEB8-8B4A-11D0-8D11-00A0C91BC942}") = "Tetris", "Tetris\Tetris.vcxproj", "{6A66552A-2C92-4E0B-83BE-E8A42D399DEA}"
EndProject
Global
	GlobalSection(SolutionConfigurationPlatforms) = preSolution
		Debug|x64 = Debug|x64
		Debug|x86 = Debug|x86
		Release|x64 = Release|x64
		Release|x86 = Release|x86
	EndGlobalSection
	GlobalSection(ProjectConfigurationPlatforms) = postSolution
		{6A66552A-2C92-4E0B-83BE-E8A42D399DEA}.Debug|x64.ActiveCfg = Debug|x64
		{6A66552A-2C92-4E0B-83BE-E8A42D399DEA}.Debug|x64.Build.0 = Debug|x64
		{6A66552A-2C92-4E0B-83BE-E8A42D399DEA}.Debug|x86.ActiveCfg = Debug|Win32
		{6A66552A-2C92-4E0B-83BE-E8A42D399DEA}.Debug|x86.Build.0 = Debug|Win32
		{6A66552A-2C92-4E0B-83BE-E8A42D399DEA}.Release|x64.ActiveCfg = Release|x64
		{6A66552A-2C92-4E0B-83BE-E8A42D399DEA}.Release|x64.Build.0 = Release|x64
		{6A66552A-2C92-4E0B-83BE-E8A42D399DEA}.Release|x86.ActiveCfg = Release|Win32
		{6A66552A-2C92-4E0B-83BE-E8A42D399DEA}.Release|x86.Build.0 = Release|Win32
	EndGlobalSection
	GlobalSection(SolutionProperties) = preSolution
		HideSolutionNode = FALSE
	EndGlobalSection
	GlobalSection(ExtensibilityGlobals) = postSolution
		SolutionGuid = {E24CDCDA-F5F3-447A-B081-2F648B72AA75}
	EndGlobalSection
EndGlobal
